
Microsoft Visual Studio Solution File, Format Version 12.00
# Visual Studio Version 16
VisualStudioVersion = 16.0.28803.156
MinimumVisualStudioVersion = 10.0.40219.1
Project("{FAE04EC0-301F-11D3-BF4B-00C04F79EFBC}") = "sample-cdn-api", "sample-cdn-api.csproj", "{0662E6DB-8DF7-461A-9FA0-895F34C26A7D}"
EndProject
Project("{FAE04EC0-301F-11D3-BF4B-00C04F79EFBC}") = "sample-cdn-func", "sample-cdn-func\sample-cdn-func.csproj", "{983F2579-4852-4AA7-843C-DEB57302A9D6}"
EndProject
Global
	GlobalSection(SolutionConfigurationPlatforms) = preSolution
		Debug|Any CPU = Debug|Any CPU
		Release|Any CPU = Release|Any CPU
	EndGlobalSection
	GlobalSection(ProjectConfigurationPlatforms) = postSolution
		{0662E6DB-8DF7-461A-9FA0-895F34C26A7D}.Debug|Any CPU.ActiveCfg = Debug|Any CPU
		{0662E6DB-8DF7-461A-9FA0-895F34C26A7D}.Debug|Any CPU.Build.0 = Debug|Any CPU
		{0662E6DB-8DF7-461A-9FA0-895F34C26A7D}.Release|Any CPU.ActiveCfg = Release|Any CPU
		{0662E6DB-8DF7-461A-9FA0-895F34C26A7D}.Release|Any CPU.Build.0 = Release|Any CPU
		{983F2579-4852-4AA7-843C-DEB57302A9D6}.Debug|Any CPU.ActiveCfg = Debug|Any CPU
		{983F2579-4852-4AA7-843C-DEB57302A9D6}.Debug|Any CPU.Build.0 = Debug|Any CPU
		{983F2579-4852-4AA7-843C-DEB57302A9D6}.Release|Any CPU.ActiveCfg = Release|Any CPU
		{983F2579-4852-4AA7-843C-DEB57302A9D6}.Release|Any CPU.Build.0 = Release|Any CPU
	EndGlobalSection
	GlobalSection(SolutionProperties) = preSolution
		HideSolutionNode = FALSE
	EndGlobalSection
	GlobalSection(ExtensibilityGlobals) = postSolution
		SolutionGuid = {6A9E8C53-4068-499C-A7E5-DD725C737E01}
	EndGlobalSection
EndGlobal
